
Microsoft Visual Studio Solution File, Format Version 12.00
# Visual Studio Version 16
VisualStudioVersion = 16.0.29215.179
MinimumVisualStudioVersion = 10.0.40219.1
Project("{FAE04EC0-301F-11D3-BF4B-00C04F79EFBC}") = "Lab4_6_Thomas_Morris", "Lab4_6_Thomas_Morris\Lab4_6_Thomas_Morris.csproj", "{B41F0F7B-B3D4-4C0C-BC68-D6E92293B570}"
EndProject
Global
	GlobalSection(SolutionConfigurationPlatforms) = preSolution
		Debug|Any CPU = Debug|Any CPU
		Release|Any CPU = Release|Any CPU
	EndGlobalSection
	GlobalSection(ProjectConfigurationPlatforms) = postSolution
		{B41F0F7B-B3D4-4C0C-BC68-D6E92293B570}.Debug|Any CPU.ActiveCfg = Debug|Any CPU
		{B41F0F7B-B3D4-4C0C-BC68-D6E92293B570}.Debug|Any CPU.Build.0 = Debug|Any CPU
		{B41F0F7B-B3D4-4C0C-BC68-D6E92293B570}.Release|Any CPU.ActiveCfg = Release|Any CPU
		{B41F0F7B-B3D4-4C0C-BC68-D6E92293B570}.Release|Any CPU.Build.0 = Release|Any CPU
	EndGlobalSection
	GlobalSection(SolutionProperties) = preSolution
		HideSolutionNode = FALSE
	EndGlobalSection
	GlobalSection(ExtensibilityGlobals) = postSolution
		SolutionGuid = {5EBCC057-5728-4029-AD4F-08955160152D}
	EndGlobalSection
EndGlobal
